{
    "name": "secret-hitler-backend",
    "version": "1.0.0",
    "lockfileVersion": 1,
    "requires": true,
    "dependencies": {
        "@mfro/promise-extensions": {
            "version": "2.0.1",
            "resolved": "https://registry.npmjs.org/@mfro/promise-extensions/-/promise-extensions-2.0.1.tgz",
            "integrity": "sha512-CvoD+CEXa0rLJ7wb/aEzS1joitFWvRGPMdg9EVtpUdJbF1nNSGalA6COHmDogDQOOEHE8IACDd40r5I9taECqw=="
        },
        "@types/node": {
            "version": "8.0.30",
            "resolved": "https://registry.npmjs.org/@types/node/-/node-8.0.30.tgz",
            "integrity": "sha512-IaQtG3DWe9gRsmk1DqNnYyRVjGDVcBdZywkRVF2f62Boe8XKmlR7lNcwC6pk4V4W8nk+Zu+vdGMsOdRTDj1JPA==",
            "dev": true
        },
        "@types/ws": {
            "version": "3.0.2",
            "resolved": "https://registry.npmjs.org/@types/ws/-/ws-3.0.2.tgz",
            "integrity": "sha512-jWO+P8pn6lBdKoi+8cxBdLbRwwiiBdp8Jqgr/9e6A33fRNunM/C3ACGU/9Ksr3rHV6C2KzhncNGwgCFwGTgX/g==",
            "dev": true,
            "requires": {
                "@types/node": "8.0.30"
            }
        },
        "async-limiter": {
            "version": "1.0.0",
            "resolved": "https://registry.npmjs.org/async-limiter/-/async-limiter-1.0.0.tgz",
            "integrity": "sha512-jp/uFnooOiO+L211eZOoSyzpOITMXx1rBITauYykG3BRYPu8h0UcxsPNB04RR5vo4Tyz3+ay17tR6JVf9qzYWg=="
        },
        "safe-buffer": {
            "version": "5.1.1",
            "resolved": "https://registry.npmjs.org/safe-buffer/-/safe-buffer-5.1.1.tgz",
            "integrity": "sha512-kKvNJn6Mm93gAczWVJg7wH+wGYWNrDHdWvpUmHyEsgCtIwwo3bqPtV4tR5tuPaUhTOo/kvhVwd8XwwOllGYkbg=="
        },
        "typescript": {
            "version": "2.5.2",
            "resolved": "https://registry.npmjs.org/typescript/-/typescript-2.5.2.tgz",
            "integrity": "sha1-A4qV99m7tCCxvzW6MdTFwd0//jQ=",
            "dev": true
        },
        "typestate": {
            "version": "1.0.4",
            "resolved": "https://registry.npmjs.org/typestate/-/typestate-1.0.4.tgz",
            "integrity": "sha1-dqBjzFKVQJh9rP4BB16yfJWqZKk="
        },
        "ultron": {
            "version": "1.1.0",
            "resolved": "https://registry.npmjs.org/ultron/-/ultron-1.1.0.tgz",
            "integrity": "sha1-sHoualQagV/Go0zNRTO67DB8qGQ="
        },
        "ws": {
            "version": "3.2.0",
            "resolved": "https://registry.npmjs.org/ws/-/ws-3.2.0.tgz",
            "integrity": "sha512-hTS3mkXm/j85jTQOIcwVz3yK3up9xHgPtgEhDBOH3G18LDOZmSAG1omJeXejLKJakx+okv8vS1sopgs7rw0kVw==",
            "requires": {
                "async-limiter": "1.0.0",
                "safe-buffer": "5.1.1",
                "ultron": "1.1.0"
            }
        }
    }
}
